
Microsoft Visual Studio Solution File, Format Version 12.00
# Visual Studio Version 17
VisualStudioVersion = 17.8.34601.278
MinimumVisualStudioVersion = 10.0.40219.1
Project("{FAE04EC0-301F-11D3-BF4B-00C04F79EFBC}") = "AesKeyGenerator", "AesKeyGenerator.csproj", "{FD71CA36-5F43-4110-A1AB-6900ED25BFED}"
EndProject
Global
	GlobalSection(SolutionConfigurationPlatforms) = preSolution
		Debug|Any CPU = Debug|Any CPU
		Release|Any CPU = Release|Any CPU
	EndGlobalSection
	GlobalSection(ProjectConfigurationPlatforms) = postSolution
		{FD71CA36-5F43-4110-A1AB-6900ED25BFED}.Debug|Any CPU.ActiveCfg = Debug|Any CPU
		{FD71CA36-5F43-4110-A1AB-6900ED25BFED}.Debug|Any CPU.Build.0 = Debug|Any CPU
		{FD71CA36-5F43-4110-A1AB-6900ED25BFED}.Release|Any CPU.ActiveCfg = Release|Any CPU
		{FD71CA36-5F43-4110-A1AB-6900ED25BFED}.Release|Any CPU.Build.0 = Release|Any CPU
	EndGlobalSection
	GlobalSection(SolutionProperties) = preSolution
		HideSolutionNode = FALSE
	EndGlobalSection
	GlobalSection(ExtensibilityGlobals) = postSolution
		SolutionGuid = {D9F7CF42-64C5-455A-BD8F-380C34EEDD10}
	EndGlobalSection
EndGlobal
